
Microsoft Visual Studio Solution File, Format Version 12.00
# Visual Studio Version 17
VisualStudioVersion = 17.5.33530.505
MinimumVisualStudioVersion = 10.0.40219.1
Project("{FAE04EC0-301F-11D3-BF4B-00C04F79EFBC}") = "Kare_Yon_WinForm", "Kare_Yon_WinForm\Kare_Yon_WinForm.csproj", "{6A84C37A-2CC4-42AD-8F74-CFBA27D273D3}"
EndProject
Global
	GlobalSection(SolutionConfigurationPlatforms) = preSolution
		Debug|Any CPU = Debug|Any CPU
		Release|Any CPU = Release|Any CPU
	EndGlobalSection
	GlobalSection(ProjectConfigurationPlatforms) = postSolution
		{6A84C37A-2CC4-42AD-8F74-CFBA27D273D3}.Debug|Any CPU.ActiveCfg = Debug|Any CPU
		{6A84C37A-2CC4-42AD-8F74-CFBA27D273D3}.Debug|Any CPU.Build.0 = Debug|Any CPU
		{6A84C37A-2CC4-42AD-8F74-CFBA27D273D3}.Release|Any CPU.ActiveCfg = Release|Any CPU
		{6A84C37A-2CC4-42AD-8F74-CFBA27D273D3}.Release|Any CPU.Build.0 = Release|Any CPU
	EndGlobalSection
	GlobalSection(SolutionProperties) = preSolution
		HideSolutionNode = FALSE
	EndGlobalSection
	GlobalSection(ExtensibilityGlobals) = postSolution
		SolutionGuid = {8910E924-023A-4CA3-8A83-982CD2C4B372}
	EndGlobalSection
EndGlobal
